
Microsoft Visual Studio Solution File, Format Version 12.00
# Visual Studio Version 17
VisualStudioVersion = 17.10.35027.167
MinimumVisualStudioVersion = 10.0.40219.1
Project("{FAE04EC0-301F-11D3-BF4B-00C04F79EFBC}") = "RedactionApi", "RedactionApi\RedactionApi.csproj", "{1733BB7E-1EE3-4634-99A5-A95BE6272C81}"
EndProject
Global
	GlobalSection(SolutionConfigurationPlatforms) = preSolution
		Debug|Any CPU = Debug|Any CPU
		Release|Any CPU = Release|Any CPU
	EndGlobalSection
	GlobalSection(ProjectConfigurationPlatforms) = postSolution
		{1733BB7E-1EE3-4634-99A5-A95BE6272C81}.Debug|Any CPU.ActiveCfg = Debug|Any CPU
		{1733BB7E-1EE3-4634-99A5-A95BE6272C81}.Debug|Any CPU.Build.0 = Debug|Any CPU
		{1733BB7E-1EE3-4634-99A5-A95BE6272C81}.Release|Any CPU.ActiveCfg = Release|Any CPU
		{1733BB7E-1EE3-4634-99A5-A95BE6272C81}.Release|Any CPU.Build.0 = Release|Any CPU
	EndGlobalSection
	GlobalSection(SolutionProperties) = preSolution
		HideSolutionNode = FALSE
	EndGlobalSection
	GlobalSection(ExtensibilityGlobals) = postSolution
		SolutionGuid = {AFE8A494-939B-49EB-9B92-4D68E712B5AD}
	EndGlobalSection
EndGlobal
